github.com/BrandonKowalski/gabagool/v2 v2.3.7 h1:/eOL5QOUy9K9Ddq2LTs9huVOrrADxQFqS3M7UqIZoF4=
github.com/BrandonKowalski/gabagool/v2 v2.3.7/go.mod h1:GMra4TXqVze081BlRc4PYCwEk+kP7vh3h9X5PHOAjPg=
github.com/BrandonKowalski/gabagool/v2 v2.3.10 h1:IlmHZApOX0ZIJrO3pplEgdMzSX5F4wFjY0WTdSyBbeo=
github.com/BrandonKowalski/gabagool/v2 v2.3.10/go.mod h1:GMra4TXqVze081BlRc4PYCwEk+kP7vh3h9X5PHOAjPg=
github.com/BrandonKowalski/gabagool/v2 v2.3.11 h1:L9/me+QsinmMmjtX30JkGDON6KGQ7tpa7cHyYN6ln94=
github.com/BrandonKowalski/gabagool/v2 v2.3.11/go.mod h1:GMra4TXqVze081BlRc4PYCwEk+kP7vh3h9X5PHOAjPg=
github.com/BrandonKowalski/gabagool/v2 v2.3.12 h1:0zUMGvgFpgTWLtm7WV8QD9BriaIhb307WE9JX9/oFLM=
github.com/BrandonKowalski/gabagool/v2 v2.3.12/go.mod h1:GMra4TXqVze081BlRc4PYCwEk+kP7vh3h9X5PHOAjPg=
github.com/BurntSushi/toml v1.6.0 h1:dRaEfpa2VI55EwlIW72hMRHdWouJeRF7TPYhI+AUQjk=
github.com/BurntSushi/toml v1.6.0/go.mod h1:ukJfTF/6rtPPRCnwkur4qwRxa8vTRFBF0uk2lLoLwho=
github.com/UncleJunVIP/certifiable v1.2.0 h1:xGqpc7U9FafWPqJ/sQreOQRPj8fv0Y4x9EBdfa2ic3Q=
github.com/UncleJunVIP/certifiable v1.2.0/go.mod h1:paPhCSE8DKzYvBcFcr5NVAYJmmvADq8e5fvkvs95np4=
github.com/davecgh/go-spew v1.1.1 h1:vj9j/u1bqnvCEfJOwUhtlOARqs3+rkHYY13jYWTU97c=
github.com/davecgh/go-spew v1.1.1/go.mod h1:J7Y8YcW2NihsgmVo/mv3lAwl/skON4iLHjSsI+c5H38=
github.com/holoplot/go-evdev v0.0.0-20250804134636-ab1d56a1fe83 h1:B+A58zGFuDrvEZpPN+yS6swJA0nzqgZvDzgl/OPyefU=
github.com/holoplot/go-evdev v0.0.0-20250804134636-ab1d56a1fe83/go.mod h1:iHAf8OIncO2gcQ8XOjS7CMJ2aPbX2Bs0wl5pZyanEqk=
github.com/nicksnyder/go-i18n/v2 v2.6.0 h1:C/m2NNWNiTB6SK4Ao8df5EWm3JETSTIGNXBpMJTxzxQ=
github.com/nicksnyder/go-i18n/v2 v2.6.0/go.mod h1:88sRqr0C6OPyJn0/KRNaEz1uWorjxIKP7rUUcvycecE=
github.com/piglig/go-qr v0.2.6 h1:oE8v9NGXHWahoFrnS44xsq0Lq0oIRIV7gMBM8cfRGwE=
github.com/piglig/go-qr v0.2.6/go.mod h1:funyXL4IdgMPcbICoVm1XweMtZy7Px3kyITTENkmA5w=
github.com/pmezard/go-difflib v1.0.0 h1:4DBwDE0NGyQoBHbLQYPwSUPoCMWR5BEzIk/f1lZbAQM=
github.com/pmezard/go-difflib v1.0.0/go.mod h1:iKH77koFhYxTK1pcRnkKkqfTogsbg7gZNVY4sRDYZ/4=
github.com/sonh/qs v0.6.4 h1:iPfyeV8/656XeQruE6VOXWU8FMFqFThTL/M6plP+Uwk=
github.com/sonh/qs v0.6.4/go.mod h1:8PGnJKqzv2SuLV/1gp4ZauzqnyG/8TwJOGvLZzyc800=
github.com/srwiley/oksvg v0.0.0-20221011165216-be6e8873101c h1:km8GpoQut05eY3GiYWEedbTT0qnSxrCjsVbb7yKY1KE=
github.com/srwiley/oksvg v0.0.0-20221011165216-be6e8873101c/go.mod h1:cNQ3dwVJtS5Hmnjxy6AgTPd0Inb3pW05ftPSX7NZO7Q=
github.com/srwiley/rasterx v0.0.0-20220730225603-2ab79fcdd4ef h1:Ch6Q+AZUxDBCVqdkI8FSpFyZDtCVBc2VmejdNrm5rRQ=
github.com/srwiley/rasterx v0.0.0-20220730225603-2ab79fcdd4ef/go.mod h1:nXTWP6+gD5+LUJ8krVhhoeHjvHTutPxMYl5SvkcnJNE=
github.com/stretchr/testify v1.11.1 h1:7s2iGBzp5EwR7/aIZr8ao5+dra3wiQyKjjFuvgVKu7U=
github.com/stretchr/testify v1.11.1/go.mod h1:wZwfW3scLgRK+23gO65QZefKpKQRnfz6sD981Nm4B6U=
github.com/veandco/go-sdl2 v0.4.40 h1:fZv6wC3zz1Xt167P09gazawnpa0KY5LM7JAvKpX9d/U=
github.com/veandco/go-sdl2 v0.4.40/go.mod h1:OROqMhHD43nT4/i9crJukyVecjPNYYuCofep6SNiAjY=
go.uber.org/atomic v1.11.0 h1:ZvwS0R+56ePWxUNi+Atn9dWONBPp/AUETXlHW0DxSjE=
go.uber.org/atomic v1.11.0/go.mod h1:LUxbIzbOniOlMKjJjyPfpl4v+PKK2cNJn91OQbhoJI0=
golang.org/x/image v0.34.0 h1:33gCkyw9hmwbZJeZkct8XyR11yH889EQt/QH4VmXMn8=
golang.org/x/image v0.34.0/go.mod h1:2RNFBZRB+vnwwFil8GkMdRvrJOFd1AzdZI6vOY+eJVU=
golang.org/x/net v0.48.0 h1:zyQRTTrjc33Lhh0fBgT/H3oZq9WuvRR5gPC70xpDiQU=
golang.org/x/net v0.48.0/go.mod h1:+ndRgGjkh8FGtu1w1FGbEC31if4VrNVMuKTgcAAnQRY=
golang.org/x/text v0.32.0 h1:ZD01bjUt1FQ9WJ0ClOL5vxgxOI/sVCNgX1YtKwcY0mU=
golang.org/x/text v0.32.0/go.mod h1:o/rUWzghvpD5TXrTIBuJU77MTaN0ljMWE47kxGJQ7jY=
gopkg.in/yaml.v3 v3.0.1 h1:fxVm/GzAzEWqLHuvctI91KS9hhNmmWOoWu0XTYJS7CA=
gopkg.in/yaml.v3 v3.0.1/go.mod h1:K4uyk7z7BCEPqu6E+C64Yfv1cQ7kz7rIZviUmN+EgEM=
